
Microsoft Visual Studio Solution File, Format Version 12.00
# Visual Studio 15
VisualStudioVersion = 15.0.28307.421
MinimumVisualStudioVersion = 10.0.40219.1
Project("{FAE04EC0-301F-11D3-BF4B-00C04F79EFBC}") = "GarageDoorOpener_App.Android", "GarageDoorOpener_App\GarageDoorOpener_App.Android\GarageDoorOpener_App.Android.csproj", "{83C2DA59-06FB-464A-AB80-C7DFB91C8642}"
EndProject
Project("{9A19103F-16F7-4668-BE54-9A1E7A4F7556}") = "GarageDoorOpener_App", "GarageDoorOpener_App\GarageDoorOpener_App\GarageDoorOpener_App.csproj", "{7F9023AC-E390-4B7D-A5A0-B74548D32C4B}"
EndProject
Project("{FAE04EC0-301F-11D3-BF4B-00C04F79EFBC}") = "GarageDoorOpener_App.iOS", "GarageDoorOpener_App\GarageDoorOpener_App.iOS\GarageDoorOpener_App.iOS.csproj", "{69DD84C2-5E71-4FF6-94E5-6CA356944740}"
EndProject
Global
	GlobalSection(SolutionConfigurationPlatforms) = preSolution
		Ad-Hoc|Any CPU = Ad-Hoc|Any CPU
		Ad-Hoc|iPhone = Ad-Hoc|iPhone
		Ad-Hoc|iPhoneSimulator = Ad-Hoc|iPhoneSimulator
		AppStore|Any CPU = AppStore|Any CPU
		AppStore|iPhone = AppStore|iPhone
		AppStore|iPhoneSimulator = AppStore|iPhoneSimulator
		Debug|Any CPU = Debug|Any CPU
		Debug|iPhone = Debug|iPhone
		Debug|iPhoneSimulator = Debug|iPhoneSimulator
		Release|Any CPU = Release|Any CPU
		Release|iPhone = Release|iPhone
		Release|iPhoneSimulator = Release|iPhoneSimulator
	EndGlobalSection
	GlobalSection(ProjectConfigurationPlatforms) = postSolution
		{83C2DA59-06FB-464A-AB80-C7DFB91C8642}.Ad-Hoc|Any CPU.ActiveCfg = Release|Any CPU
		{83C2DA59-06FB-464A-AB80-C7DFB91C8642}.Ad-Hoc|Any CPU.Build.0 = Release|Any CPU
		{83C2DA59-06FB-464A-AB80-C7DFB91C8642}.Ad-Hoc|Any CPU.Deploy.0 = Release|Any CPU
		{83C2DA59-06FB-464A-AB80-C7DFB91C8642}.Ad-Hoc|iPhone.ActiveCfg = Release|Any CPU
		{83C2DA59-06FB-464A-AB80-C7DFB91C8642}.Ad-Hoc|iPhone.Build.0 = Release|Any CPU
		{83C2DA59-06FB-464A-AB80-C7DFB91C8642}.Ad-Hoc|iPhone.Deploy.0 = Release|Any CPU
		{83C2DA59-06FB-464A-AB80-C7DFB91C8642}.Ad-Hoc|iPhoneSimulator.ActiveCfg = Release|Any CPU
		{83C2DA59-06FB-464A-AB80-C7DFB91C8642}.Ad-Hoc|iPhoneSimulator.Build.0 = Release|Any CPU
		{83C2DA59-06FB-464A-AB80-C7DFB91C8642}.Ad-Hoc|iPhoneSimulator.Deploy.0 = Release|Any CPU
		{83C2DA59-06FB-464A-AB80-C7DFB91C8642}.AppStore|Any CPU.ActiveCfg = Release|Any CPU
		{83C2DA59-06FB-464A-AB80-C7DFB91C8642}.AppStore|Any CPU.Build.0 = Release|Any CPU
		{83C2DA59-06FB-464A-AB80-C7DFB91C8642}.AppStore|Any CPU.Deploy.0 = Release|Any CPU
		{83C2DA59-06FB-464A-AB80-C7DFB91C8642}.AppStore|iPhone.ActiveCfg = Release|Any CPU
		{83C2DA59-06FB-464A-AB80-C7DFB91C8642}.AppStore|iPhone.Build.0 = Release|Any CPU
		{83C2DA59-06FB-464A-AB80-C7DFB91C8642}.AppStore|iPhone.Deploy.0 = Release|Any CPU
		{83C2DA59-06FB-464A-AB80-C7DFB91C8642}.AppStore|iPhoneSimulator.ActiveCfg = Release|Any CPU
		{83C2DA59-06FB-464A-AB80-C7DFB91C8642}.AppStore|iPhoneSimulator.Build.0 = Release|Any CPU
		{83C2DA59-06FB-464A-AB80-C7DFB91C8642}.AppStore|iPhoneSimulator.Deploy.0 = Release|Any CPU
		{83C2DA59-06FB-464A-AB80-C7DFB91C8642}.Debug|Any CPU.ActiveCfg = Debug|Any CPU
		{83C2DA59-06FB-464A-AB80-C7DFB91C8642}.Debug|Any CPU.Build.0 = Debug|Any CPU
		{83C2DA59-06FB-464A-AB80-C7DFB91C8642}.Debug|Any CPU.Deploy.0 = Debug|Any CPU
		{83C2DA59-06FB-464A-AB80-C7DFB91C8642}.Debug|iPhone.ActiveCfg = Debug|Any CPU
		{83C2DA59-06FB-464A-AB80-C7DFB91C8642}.Debug|iPhone.Build.0 = Debug|Any CPU
		{83C2DA59-06FB-464A-AB80-C7DFB91C8642}.Debug|iPhone.Deploy.0 = Debug|Any CPU
		{83C2DA59-06FB-464A-AB80-C7DFB91C8642}.Debug|iPhoneSimulator.ActiveCfg = Debug|Any CPU
		{83C2DA59-06FB-464A-AB80-C7DFB91C8642}.Debug|iPhoneSimulator.Build.0 = Debug|Any CPU
		{83C2DA59-06FB-464A-AB80-C7DFB91C8642}.Debug|iPhoneSimulator.Deploy.0 = Debug|Any CPU
		{83C2DA59-06FB-464A-AB80-C7DFB91C8642}.Release|Any CPU.ActiveCfg = Release|Any CPU
		{83C2DA59-06FB-464A-AB80-C7DFB91C8642}.Release|Any CPU.Build.0 = Release|Any CPU
		{83C2DA59-06FB-464A-AB80-C7DFB91C8642}.Release|Any CPU.Deploy.0 = Release|Any CPU
		{83C2DA59-06FB-464A-AB80-C7DFB91C8642}.Release|iPhone.ActiveCfg = Release|Any CPU
		{83C2DA59-06FB-464A-AB80-C7DFB91C8642}.Release|iPhone.Build.0 = Release|Any CPU
		{83C2DA59-06FB-464A-AB80-C7DFB91C8642}.Release|iPhone.Deploy.0 = Release|Any CPU
		{83C2DA59-06FB-464A-AB80-C7DFB91C8642}.Release|iPhoneSimulator.ActiveCfg = Release|Any CPU
		{83C2DA59-06FB-464A-AB80-C7DFB91C8642}.Release|iPhoneSimulator.Build.0 = Release|Any CPU
		{83C2DA59-06FB-464A-AB80-C7DFB91C8642}.Release|iPhoneSimulator.Deploy.0 = Release|Any CPU
		{7F9023AC-E390-4B7D-A5A0-B74548D32C4B}.Ad-Hoc|Any CPU.ActiveCfg = Release|Any CPU
		{7F9023AC-E390-4B7D-A5A0-B74548D32C4B}.Ad-Hoc|Any CPU.Build.0 = Release|Any CPU
		{7F9023AC-E390-4B7D-A5A0-B74548D32C4B}.Ad-Hoc|iPhone.ActiveCfg = Release|Any CPU
		{7F9023AC-E390-4B7D-A5A0-B74548D32C4B}.Ad-Hoc|iPhone.Build.0 = Release|Any CPU
		{7F9023AC-E390-4B7D-A5A0-B74548D32C4B}.Ad-Hoc|iPhoneSimulator.ActiveCfg = Release|Any CPU
		{7F9023AC-E390-4B7D-A5A0-B74548D32C4B}.Ad-Hoc|iPhoneSimulator.Build.0 = Release|Any CPU
		{7F9023AC-E390-4B7D-A5A0-B74548D32C4B}.AppStore|Any CPU.ActiveCfg = Release|Any CPU
		{7F9023AC-E390-4B7D-A5A0-B74548D32C4B}.AppStore|Any CPU.Build.0 = Release|Any CPU
		{7F9023AC-E390-4B7D-A5A0-B74548D32C4B}.AppStore|iPhone.ActiveCfg = Release|Any CPU
		{7F9023AC-E390-4B7D-A5A0-B74548D32C4B}.AppStore|iPhone.Build.0 = Release|Any CPU
		{7F9023AC-E390-4B7D-A5A0-B74548D32C4B}.AppStore|iPhoneSimulator.ActiveCfg = Release|Any CPU
		{7F9023AC-E390-4B7D-A5A0-B74548D32C4B}.AppStore|iPhoneSimulator.Build.0 = Release|Any CPU
		{7F9023AC-E390-4B7D-A5A0-B74548D32C4B}.Debug|Any CPU.ActiveCfg = Debug|Any CPU
		{7F9023AC-E390-4B7D-A5A0-B74548D32C4B}.Debug|Any CPU.Build.0 = Debug|Any CPU
		{7F9023AC-E390-4B7D-A5A0-B74548D32C4B}.Debug|Any CPU.Deploy.0 = Debug|Any CPU
		{7F9023AC-E390-4B7D-A5A0-B74548D32C4B}.Debug|iPhone.ActiveCfg = Debug|Any CPU
		{7F9023AC-E390-4B7D-A5A0-B74548D32C4B}.Debug|iPhone.Build.0 = Debug|Any CPU
		{7F9023AC-E390-4B7D-A5A0-B74548D32C4B}.Debug|iPhoneSimulator.ActiveCfg = Debug|Any CPU
		{7F9023AC-E390-4B7D-A5A0-B74548D32C4B}.Debug|iPhoneSimulator.Build.0 = Debug|Any CPU
		{7F9023AC-E390-4B7D-A5A0-B74548D32C4B}.Release|Any CPU.ActiveCfg = Release|Any CPU
		{7F9023AC-E390-4B7D-A5A0-B74548D32C4B}.Release|Any CPU.Build.0 = Release|Any CPU
		{7F9023AC-E390-4B7D-A5A0-B74548D32C4B}.Release|Any CPU.Deploy.0 = Release|Any CPU
		{7F9023AC-E390-4B7D-A5A0-B74548D32C4B}.Release|iPhone.ActiveCfg = Release|Any CPU
		{7F9023AC-E390-4B7D-A5A0-B74548D32C4B}.Release|iPhone.Build.0 = Release|Any CPU
		{7F9023AC-E390-4B7D-A5A0-B74548D32C4B}.Release|iPhoneSimulator.ActiveCfg = Release|Any CPU
		{7F9023AC-E390-4B7D-A5A0-B74548D32C4B}.Release|iPhoneSimulator.Build.0 = Release|Any CPU
		{69DD84C2-5E71-4FF6-94E5-6CA356944740}.Ad-Hoc|Any CPU.ActiveCfg = Ad-Hoc|iPhone
		{69DD84C2-5E71-4FF6-94E5-6CA356944740}.Ad-Hoc|iPhone.ActiveCfg = Ad-Hoc|iPhone
		{69DD84C2-5E71-4FF6-94E5-6CA356944740}.Ad-Hoc|iPhone.Build.0 = Ad-Hoc|iPhone
		{69DD84C2-5E71-4FF6-94E5-6CA356944740}.Ad-Hoc|iPhoneSimulator.ActiveCfg = Ad-Hoc|iPhoneSimulator
		{69DD84C2-5E71-4FF6-94E5-6CA356944740}.Ad-Hoc|iPhoneSimulator.Build.0 = Ad-Hoc|iPhoneSimulator
		{69DD84C2-5E71-4FF6-94E5-6CA356944740}.AppStore|Any CPU.ActiveCfg = AppStore|iPhone
		{69DD84C2-5E71-4FF6-94E5-6CA356944740}.AppStore|iPhone.ActiveCfg = AppStore|iPhone
		{69DD84C2-5E71-4FF6-94E5-6CA356944740}.AppStore|iPhone.Build.0 = AppStore|iPhone
		{69DD84C2-5E71-4FF6-94E5-6CA356944740}.AppStore|iPhoneSimulator.ActiveCfg = AppStore|iPhoneSimulator
		{69DD84C2-5E71-4FF6-94E5-6CA356944740}.AppStore|iPhoneSimulator.Build.0 = AppStore|iPhoneSimulator
		{69DD84C2-5E71-4FF6-94E5-6CA356944740}.Debug|Any CPU.ActiveCfg = Debug|iPhone
		{69DD84C2-5E71-4FF6-94E5-6CA356944740}.Debug|iPhone.ActiveCfg = Debug|iPhone
		{69DD84C2-5E71-4FF6-94E5-6CA356944740}.Debug|iPhone.Build.0 = Debug|iPhone
		{69DD84C2-5E71-4FF6-94E5-6CA356944740}.Debug|iPhoneSimulator.ActiveCfg = Debug|iPhoneSimulator
		{69DD84C2-5E71-4FF6-94E5-6CA356944740}.Debug|iPhoneSimulator.Build.0 = Debug|iPhoneSimulator
		{69DD84C2-5E71-4FF6-94E5-6CA356944740}.Release|Any CPU.ActiveCfg = Release|iPhone
		{69DD84C2-5E71-4FF6-94E5-6CA356944740}.Release|iPhone.ActiveCfg = Release|iPhone
		{69DD84C2-5E71-4FF6-94E5-6CA356944740}.Release|iPhone.Build.0 = Release|iPhone
		{69DD84C2-5E71-4FF6-94E5-6CA356944740}.Release|iPhoneSimulator.ActiveCfg = Release|iPhoneSimulator
		{69DD84C2-5E71-4FF6-94E5-6CA356944740}.Release|iPhoneSimulator.Build.0 = Release|iPhoneSimulator
	EndGlobalSection
	GlobalSection(SolutionProperties) = preSolution
		HideSolutionNode = FALSE
	EndGlobalSection
	GlobalSection(ExtensibilityGlobals) = postSolution
		SolutionGuid = {1AD03FB7-1D8C-43AC-9EB5-D7EC72F6F9EE}
	EndGlobalSection
EndGlobal
